
Microsoft Visual Studio Solution File, Format Version 12.00
# Visual Studio Version 16
VisualStudioVersion = 16.0.30503.244
MinimumVisualStudioVersion = 10.0.40219.1
Project("{FAE04EC0-301F-11D3-BF4B-00C04F79EFBC}") = "Ticket", "Ticket\Ticket.csproj", "{358D59DC-0969-4903-9D18-BBEA993E418B}"
EndProject
Global
	GlobalSection(SolutionConfigurationPlatforms) = preSolution
		Debug|Any CPU = Debug|Any CPU
		Release|Any CPU = Release|Any CPU
	EndGlobalSection
	GlobalSection(ProjectConfigurationPlatforms) = postSolution
		{358D59DC-0969-4903-9D18-BBEA993E418B}.Debug|Any CPU.ActiveCfg = Debug|Any CPU
		{358D59DC-0969-4903-9D18-BBEA993E418B}.Debug|Any CPU.Build.0 = Debug|Any CPU
		{358D59DC-0969-4903-9D18-BBEA993E418B}.Release|Any CPU.ActiveCfg = Release|Any CPU
		{358D59DC-0969-4903-9D18-BBEA993E418B}.Release|Any CPU.Build.0 = Release|Any CPU
	EndGlobalSection
	GlobalSection(SolutionProperties) = preSolution
		HideSolutionNode = FALSE
	EndGlobalSection
	GlobalSection(ExtensibilityGlobals) = postSolution
		SolutionGuid = {083E8179-66DF-464E-89CB-7F7D862A1AEF}
	EndGlobalSection
EndGlobal
